{
  "name": "@hexlet/code",
  "version": "1.0.0",
  "lockfileVersion": 3,
  "requires": true,
  "packages": {
    "": {
      "name": "@hexlet/code",
      "version": "1.0.0",
      "license": "ISC",
      "dependencies": {
        "@hexlet/python-flight-booking-frontend": "^1.0.0"
      }
    },
    "node_modules/@hexlet/python-flight-booking-frontend": {
      "version": "1.0.0",
      "resolved": "https://registry.npmjs.org/@hexlet/python-flight-booking-frontend/-/python-flight-booking-frontend-1.0.0.tgz",
      "integrity": "sha512-7i3WR9ggk0KpGR7h0uL9+mguVPBEr8eeQCeNw4ewDSKdsJnqWYJ//Q/foK2jVPsewotGwnhjWWDAkc6TvBLs4A==",
      "license": "MIT"
    }
  }
}
